{
  "name": "@nano-step/nano-brain",
  "version": "2026.5.2903",
  "lockfileVersion": 3,
  "requires": true,
  "packages": {
    "": {
      "name": "@nano-step/nano-brain",
      "version": "2026.5.2903",
      "hasInstallScript": true,
      "license": "MIT",
      "bin": {
        "nano-brain": "npm/run.js"
      }
    }
  }
}
